
Microsoft Visual Studio Solution File, Format Version 12.00
# Visual Studio Version 17
VisualStudioVersion = 17.9.34616.47
MinimumVisualStudioVersion = 10.0.40219.1
Project("{FAE04EC0-301F-11D3-BF4B-00C04F79EFBC}") = "BasicWebApp", "BasicWebApp\BasicWebApp.csproj", "{EE8F792E-8C2D-4507-AFAF-18DB0F209272}"
EndProject
Global
	GlobalSection(SolutionConfigurationPlatforms) = preSolution
		Debug|Any CPU = Debug|Any CPU
		Release|Any CPU = Release|Any CPU
	EndGlobalSection
	GlobalSection(ProjectConfigurationPlatforms) = postSolution
		{EE8F792E-8C2D-4507-AFAF-18DB0F209272}.Debug|Any CPU.ActiveCfg = Debug|Any CPU
		{EE8F792E-8C2D-4507-AFAF-18DB0F209272}.Debug|Any CPU.Build.0 = Debug|Any CPU
		{EE8F792E-8C2D-4507-AFAF-18DB0F209272}.Release|Any CPU.ActiveCfg = Release|Any CPU
		{EE8F792E-8C2D-4507-AFAF-18DB0F209272}.Release|Any CPU.Build.0 = Release|Any CPU
	EndGlobalSection
	GlobalSection(SolutionProperties) = preSolution
		HideSolutionNode = FALSE
	EndGlobalSection
	GlobalSection(ExtensibilityGlobals) = postSolution
		SolutionGuid = {5E6B8BEB-FD23-4205-9BE4-B31FCB065FED}
	EndGlobalSection
EndGlobal
